// !$*UTF8*$!
{
	archiveVersion = 1;
	classes = {
	};
	objectVersion = 56;
	objects = {

/* Begin PBXBuildFile section */
		E1AB95ED29BE3721009C88FA /* AnimatedOnBoardingScreenApp.swift in Sources */ = {isa = PBXBuildFile; fileRef = E1AB95EC29BE3721009C88FA /* AnimatedOnBoardingScreenApp.swift */; };
		E1AB95F129BE3723009C88FA /* Assets.xcassets in Resources */ = {isa = PBXBuildFile; fileRef = E1AB95F029BE3723009C88FA /* Assets.xcassets */; };
		E1AB95F429BE3723009C88FA /* Preview Assets.xcassets in Resources */ = {isa = PBXBuildFile; fileRef = E1AB95F329BE3723009C88FA /* Preview Assets.xcassets */; };
		E1AB95FD29BE38E9009C88FA /* pickup.json in Resources */ = {isa = PBXBuildFile; fileRef = E1AB95FC29BE38E9009C88FA /* pickup.json */; };
		E1AB95FF29BE390A009C88FA /* transfer.json in Resources */ = {isa = PBXBuildFile; fileRef = E1AB95FE29BE390A009C88FA /* transfer.json */; };
		E1AB960129BE3911009C88FA /* delivery.json in Resources */ = {isa = PBXBuildFile; fileRef = E1AB960029BE3911009C88FA /* delivery.json */; };
		E1BBD5D629BE499E00D969EB /* Lottie in Frameworks */ = {isa = PBXBuildFile; productRef = E1BBD5D529BE499E00D969EB /* Lottie */; };
		E1BBD5DA29BE4A8600D969EB /* OnboardingItem.swift in Sources */ = {isa = PBXBuildFile; fileRef = E1BBD5D929BE4A8600D969EB /* OnboardingItem.swift */; };
		E1BBD5DC29BE4B6B00D969EB /* OnboardingView.swift in Sources */ = {isa = PBXBuildFile; fileRef = E1BBD5DB29BE4B6B00D969EB /* OnboardingView.swift */; };
		E1BBD5DE29BE73D800D969EB /* ResizableLottieView.swift in Sources */ = {isa = PBXBuildFile; fileRef = E1BBD5DD29BE73D800D969EB /* ResizableLottieView.swift */; };
/* End PBXBuildFile section */

/* Begin PBXFileReference section */
		E1AB95E929BE3721009C88FA /* AnimatedOnBoardingScreen.app */ = {isa = PBXFileReference; explicitFileType = wrapper.application; includeInIndex = 0; path = AnimatedOnBoardingScreen.app; sourceTree = BUILT_PRODUCTS_DIR; };
		E1AB95EC29BE3721009C88FA /* AnimatedOnBoardingScreenApp.swift */ = {isa = PBXFileReference; lastKnownFileType = sourcecode.swift; path = AnimatedOnBoardingScreenApp.swift; sourceTree = "<group>"; };
		E1AB95F029BE3723009C88FA /* Assets.xcassets */ = {isa = PBXFileReference; lastKnownFileType = folder.assetcatalog; path = Assets.xcassets; sourceTree = "<group>"; };
		E1AB95F329BE3723009C88FA /* Preview Assets.xcassets */ = {isa = PBXFileReference; lastKnownFileType = folder.assetcatalog; path = "Preview Assets.xcassets"; sourceTree = "<group>"; };
		E1AB95FC29BE38E9009C88FA /* pickup.json */ = {isa = PBXFileReference; fileEncoding = 4; lastKnownFileType = text.json; path = pickup.json; sourceTree = "<group>"; };
		E1AB95FE29BE390A009C88FA /* transfer.json */ = {isa = PBXFileReference; fileEncoding = 4; lastKnownFileType = text.json; path = transfer.json; sourceTree = "<group>"; };
		E1AB960029BE3911009C88FA /* delivery.json */ = {isa = PBXFileReference; fileEncoding = 4; lastKnownFileType = text.json; path = delivery.json; sourceTree = "<group>"; };
		E1BBD5D929BE4A8600D969EB /* OnboardingItem.swift */ = {isa = PBXFileReference; lastKnownFileType = sourcecode.swift; path = OnboardingItem.swift; sourceTree = "<group>"; };
		E1BBD5DB29BE4B6B00D969EB /* OnboardingView.swift */ = {isa = PBXFileReference; lastKnownFileType = sourcecode.swift; path = OnboardingView.swift; sourceTree = "<group>"; };
		E1BBD5DD29BE73D800D969EB /* ResizableLottieView.swift */ = {isa = PBXFileReference; lastKnownFileType = sourcecode.swift; path = ResizableLottieView.swift; sourceTree = "<group>"; };
/* End PBXFileReference section */

/* Begin PBXFrameworksBuildPhase section */
		E1AB95E629BE3721009C88FA /* Frameworks */ = {
			isa = PBXFrameworksBuildPhase;
			buildActionMask = 2147483647;
			files = (
				E1BBD5D629BE499E00D969EB /* Lottie in Frameworks */,
			);
			runOnlyForDeploymentPostprocessing = 0;
		};
/* End PBXFrameworksBuildPhase section */

/* Begin PBXGroup section */
		E1AB95E029BE3720009C88FA = {
			isa = PBXGroup;
			children = (
				E1AB95EB29BE3721009C88FA /* AnimatedOnBoardingScreen */,
				E1AB95EA29BE3721009C88FA /* Products */,
			);
			sourceTree = "<group>";
		};
		E1AB95EA29BE3721009C88FA /* Products */ = {
			isa = PBXGroup;
			children = (
				E1AB95E929BE3721009C88FA /* AnimatedOnBoardingScreen.app */,
			);
			name = Products;
			sourceTree = "<group>";
		};
		E1AB95EB29BE3721009C88FA /* AnimatedOnBoardingScreen */ = {
			isa = PBXGroup;
			children = (
				E1AB95EC29BE3721009C88FA /* AnimatedOnBoardingScreenApp.swift */,
				E1BBD5D829BE4A7200D969EB /* View */,
				E1BBD5D729BE4A6900D969EB /* Model */,
				E1AB95FA29BE38CC009C88FA /* Resources */,
				E1AB95F229BE3723009C88FA /* Preview Content */,
			);
			path = AnimatedOnBoardingScreen;
			sourceTree = "<group>";
		};
		E1AB95F229BE3723009C88FA /* Preview Content */ = {
			isa = PBXGroup;
			children = (
				E1AB95F329BE3723009C88FA /* Preview Assets.xcassets */,
			);
			path = "Preview Content";
			sourceTree = "<group>";
		};
		E1AB95FA29BE38CC009C88FA /* Resources */ = {
			isa = PBXGroup;
			children = (
				E1AB95FB29BE38D5009C88FA /* LottieFiles */,
				E1AB95F029BE3723009C88FA /* Assets.xcassets */,
			);
			path = Resources;
			sourceTree = "<group>";
		};
		E1AB95FB29BE38D5009C88FA /* LottieFiles */ = {
			isa = PBXGroup;
			children = (
				E1AB960029BE3911009C88FA /* delivery.json */,
				E1AB95FC29BE38E9009C88FA /* pickup.json */,
				E1AB95FE29BE390A009C88FA /* transfer.json */,
			);
			path = LottieFiles;
			sourceTree = "<group>";
		};
		E1BBD5D729BE4A6900D969EB /* Model */ = {
			isa = PBXGroup;
			children = (
				E1BBD5D929BE4A8600D969EB /* OnboardingItem.swift */,
			);
			path = Model;
			sourceTree = "<group>";
		};
		E1BBD5D829BE4A7200D969EB /* View */ = {
			isa = PBXGroup;
			children = (
				E1BBD5DB29BE4B6B00D969EB /* OnboardingView.swift */,
				E1BBD5DD29BE73D800D969EB /* ResizableLottieView.swift */,
			);
			path = View;
			sourceTree = "<group>";
		};
/* End PBXGroup section */

/* Begin PBXNativeTarget section */
		E1AB95E829BE3721009C88FA /* AnimatedOnBoardingScreen */ = {
			isa = PBXNativeTarget;
			buildConfigurationList = E1AB95F729BE3723009C88FA /* Build configuration list for PBXNativeTarget "AnimatedOnBoardingScreen" */;
			buildPhases = (
				E1AB95E529BE3721009C88FA /* Sources */,
				E1AB95E629BE3721009C88FA /* Frameworks */,
				E1AB95E729BE3721009C88FA /* Resources */,
			);
			buildRules = (
			);
			dependencies = (
			);
			name = AnimatedOnBoardingScreen;
			packageProductDependencies = (
				E1BBD5D529BE499E00D969EB /* Lottie */,
			);
			productName = AnimatedOnBoardingScreen;
			productReference = E1AB95E929BE3721009C88FA /* AnimatedOnBoardingScreen.app */;
			productType = "com.apple.product-type.application";
		};
/* End PBXNativeTarget section */

/* Begin PBXProject section */
		E1AB95E129BE3720009C88FA /* Project object */ = {
			isa = PBXProject;
			attributes = {
				BuildIndependentTargetsInParallel = 1;
				LastSwiftUpdateCheck = 1420;
				LastUpgradeCheck = 1420;
				TargetAttributes = {
					E1AB95E829BE3721009C88FA = {
						CreatedOnToolsVersion = 14.2;
					};
				};
			};
			buildConfigurationList = E1AB95E429BE3720009C88FA /* Build configuration list for PBXProject "AnimatedOnBoardingScreen" */;
			compatibilityVersion = "Xcode 14.0";
			developmentRegion = en;
			hasScannedForEncodings = 0;
			knownRegions = (
				en,
				Base,
			);
			mainGroup = E1AB95E029BE3720009C88FA;
			packageReferences = (
				E1BBD5D429BE499E00D969EB /* XCRemoteSwiftPackageReference "lottie-spm" */,
			);
			productRefGroup = E1AB95EA29BE3721009C88FA /* Products */;
			projectDirPath = "";
			projectRoot = "";
			targets = (
				E1AB95E829BE3721009C88FA /* AnimatedOnBoardingScreen */,
			);
		};
/* End PBXProject section */

/* Begin PBXResourcesBuildPhase section */
		E1AB95E729BE3721009C88FA /* Resources */ = {
			isa = PBXResourcesBuildPhase;
			buildActionMask = 2147483647;
			files = (
				E1AB960129BE3911009C88FA /* delivery.json in Resources */,
				E1AB95F429BE3723009C88FA /* Preview Assets.xcassets in Resources */,
				E1AB95FD29BE38E9009C88FA /* pickup.json in Resources */,
				E1AB95FF29BE390A009C88FA /* transfer.json in Resources */,
				E1AB95F129BE3723009C88FA /* Assets.xcassets in Resources */,
			);
			runOnlyForDeploymentPostprocessing = 0;
		};
/* End PBXResourcesBuildPhase section */

/* Begin PBXSourcesBuildPhase section */
		E1AB95E529BE3721009C88FA /* Sources */ = {
			isa = PBXSourcesBuildPhase;
			buildActionMask = 2147483647;
			files = (
				E1BBD5DC29BE4B6B00D969EB /* OnboardingView.swift in Sources */,
				E1BBD5DE29BE73D800D969EB /* ResizableLottieView.swift in Sources */,
				E1AB95ED29BE3721009C88FA /* AnimatedOnBoardingScreenApp.swift in Sources */,
				E1BBD5DA29BE4A8600D969EB /* OnboardingItem.swift in Sources */,
			);
			runOnlyForDeploymentPostprocessing = 0;
		};
/* End PBXSourcesBuildPhase section */

/* Begin XCBuildConfiguration section */
		E1AB95F529BE3723009C88FA /* Debug */ = {
			isa = XCBuildConfiguration;
			buildSettings = {
				ALWAYS_SEARCH_USER_PATHS = NO;
				CLANG_ANALYZER_NONNULL = YES;
				CLANG_ANALYZER_NUMBER_OBJECT_CONVERSION = YES_AGGRESSIVE;
				CLANG_CXX_LANGUAGE_STANDARD = "gnu++20";
				CLANG_ENABLE_MODULES = YES;
				CLANG_ENABLE_OBJC_ARC = YES;
				CLANG_ENABLE_OBJC_WEAK = YES;
				CLANG_WARN_BLOCK_CAPTURE_AUTORELEASING = YES;
				CLANG_WARN_BOOL_CONVERSION = YES;
				CLANG_WARN_COMMA = YES;
				CLANG_WARN_CONSTANT_CONVERSION = YES;
				CLANG_WARN_DEPRECATED_OBJC_IMPLEMENTATIONS = YES;
				CLANG_WARN_DIRECT_OBJC_ISA_USAGE = YES_ERROR;
				CLANG_WARN_DOCUMENTATION_COMMENTS = YES;
				CLANG_WARN_EMPTY_BODY = YES;
				CLANG_WARN_ENUM_CONVERSION = YES;
				CLANG_WARN_INFINITE_RECURSION = YES;
				CLANG_WARN_INT_CONVERSION = YES;
				CLANG_WARN_NON_LITERAL_NULL_CONVERSION = YES;
				CLANG_WARN_OBJC_IMPLICIT_RETAIN_SELF = YES;
				CLANG_WARN_OBJC_LITERAL_CONVERSION = YES;
				CLANG_WARN_OBJC_ROOT_CLASS = YES_ERROR;
				CLANG_WARN_QUOTED_INCLUDE_IN_FRAMEWORK_HEADER = YES;
				CLANG_WARN_RANGE_LOOP_ANALYSIS = YES;
				CLANG_WARN_STRICT_PROTOTYPES = YES;
				CLANG_WARN_SUSPICIOUS_MOVE = YES;
				CLANG_WARN_UNGUARDED_AVAILABILITY = YES_AGGRESSIVE;
				CLANG_WARN_UNREACHABLE_CODE = YES;
				CLANG_WARN__DUPLICATE_METHOD_MATCH = YES;
				COPY_PHASE_STRIP = NO;
				DEBUG_INFORMATION_FORMAT = dwarf;
				ENABLE_STRICT_OBJC_MSGSEND = YES;
				ENABLE_TESTABILITY = YES;
				GCC_C_LANGUAGE_STANDARD = gnu11;
				GCC_DYNAMIC_NO_PIC = NO;
				GCC_NO_COMMON_BLOCKS = YES;
				GCC_OPTIMIZATION_LEVEL = 0;
				GCC_PREPROCESSOR_DEFINITIONS = (
					"DEBUG=1",
					"$(inherited)",
				);
				GCC_WARN_64_TO_32_BIT_CONVERSION = YES;
				GCC_WARN_ABOUT_RETURN_TYPE = YES_ERROR;
				GCC_WARN_UNDECLARED_SELECTOR = YES;
				GCC_WARN_UNINITIALIZED_AUTOS = YES_AGGRESSIVE;
				GCC_WARN_UNUSED_FUNCTION = YES;
				GCC_WARN_UNUSED_VARIABLE = YES;
				IPHONEOS_DEPLOYMENT_TARGET = 16.2;
				MTL_ENABLE_DEBUG_INFO = INCLUDE_SOURCE;
				MTL_FAST_MATH = YES;
				ONLY_ACTIVE_ARCH = YES;
				SDKROOT = iphoneos;
				SWIFT_ACTIVE_COMPILATION_CONDITIONS = DEBUG;
				SWIFT_OPTIMIZATION_LEVEL = "-Onone";
			};
			name = Debug;
		};
		E1AB95F629BE3723009C88FA /* Release */ = {
			isa = XCBuildConfiguration;
			buildSettings = {
				ALWAYS_SEARCH_USER_PATHS = NO;
				CLANG_ANALYZER_NONNULL = YES;
				CLANG_ANALYZER_NUMBER_OBJECT_CONVERSION = YES_AGGRESSIVE;
				CLANG_CXX_LANGUAGE_STANDARD = "gnu++20";
				CLANG_ENABLE_MODULES = YES;
				CLANG_ENABLE_OBJC_ARC = YES;
				CLANG_ENABLE_OBJC_WEAK = YES;
				CLANG_WARN_BLOCK_CAPTURE_AUTORELEASING = YES;
				CLANG_WARN_BOOL_CONVERSION = YES;
				CLANG_WARN_COMMA = YES;
				CLANG_WARN_CONSTANT_CONVERSION = YES;
				CLANG_WARN_DEPRECATED_OBJC_IMPLEMENTATIONS = YES;
				CLANG_WARN_DIRECT_OBJC_ISA_USAGE = YES_ERROR;
				CLANG_WARN_DOCUMENTATION_COMMENTS = YES;
				CLANG_WARN_EMPTY_BODY = YES;
				CLANG_WARN_ENUM_CONVERSION = YES;
				CLANG_WARN_INFINITE_RECURSION = YES;
				CLANG_WARN_INT_CONVERSION = YES;
				CLANG_WARN_NON_LITERAL_NULL_CONVERSION = YES;
				CLANG_WARN_OBJC_IMPLICIT_RETAIN_SELF = YES;
				CLANG_WARN_OBJC_LITERAL_CONVERSION = YES;
				CLANG_WARN_OBJC_ROOT_CLASS = YES_ERROR;
				CLANG_WARN_QUOTED_INCLUDE_IN_FRAMEWORK_HEADER = YES;
				CLANG_WARN_RANGE_LOOP_ANALYSIS = YES;
				CLANG_WARN_STRICT_PROTOTYPES = YES;
				CLANG_WARN_SUSPICIOUS_MOVE = YES;
				CLANG_WARN_UNGUARDED_AVAILABILITY = YES_AGGRESSIVE;
				CLANG_WARN_UNREACHABLE_CODE = YES;
				CLANG_WARN__DUPLICATE_METHOD_MATCH = YES;
				COPY_PHASE_STRIP = NO;
				DEBUG_INFORMATION_FORMAT = "dwarf-with-dsym";
				ENABLE_NS_ASSERTIONS = NO;
				ENABLE_STRICT_OBJC_MSGSEND = YES;
				GCC_C_LANGUAGE_STANDARD = gnu11;
				GCC_NO_COMMON_BLOCKS = YES;
				GCC_WARN_64_TO_32_BIT_CONVERSION = YES;
				GCC_WARN_ABOUT_RETURN_TYPE = YES_ERROR;
				GCC_WARN_UNDECLARED_SELECTOR = YES;
				GCC_WARN_UNINITIALIZED_AUTOS = YES_AGGRESSIVE;
				GCC_WARN_UNUSED_FUNCTION = YES;
				GCC_WARN_UNUSED_VARIABLE = YES;
				IPHONEOS_DEPLOYMENT_TARGET = 16.2;
				MTL_ENABLE_DEBUG_INFO = NO;
				MTL_FAST_MATH = YES;
				SDKROOT = iphoneos;
				SWIFT_COMPILATION_MODE = wholemodule;
				SWIFT_OPTIMIZATION_LEVEL = "-O";
				VALIDATE_PRODUCT = YES;
			};
			name = Release;
		};
		E1AB95F829BE3723009C88FA /* Debug */ = {
			isa = XCBuildConfiguration;
			buildSettings = {
				ASSETCATALOG_COMPILER_APPICON_NAME = AppIcon;
				ASSETCATALOG_COMPILER_GLOBAL_ACCENT_COLOR_NAME = AccentColor;
				CODE_SIGN_STYLE = Automatic;
				CURRENT_PROJECT_VERSION = 1;
				DEVELOPMENT_ASSET_PATHS = "\"AnimatedOnBoardingScreen/Preview Content\"";
				DEVELOPMENT_TEAM = R38K25C8UB;
				ENABLE_PREVIEWS = YES;
				GENERATE_INFOPLIST_FILE = YES;
				INFOPLIST_KEY_UIApplicationSceneManifest_Generation = YES;
				INFOPLIST_KEY_UIApplicationSupportsIndirectInputEvents = YES;
				INFOPLIST_KEY_UILaunchScreen_Generation = YES;
				INFOPLIST_KEY_UISupportedInterfaceOrientations_iPad = "UIInterfaceOrientationPortrait UIInterfaceOrientationPortraitUpsideDown UIInterfaceOrientationLandscapeLeft UIInterfaceOrientationLandscapeRight";
				INFOPLIST_KEY_UISupportedInterfaceOrientations_iPhone = "UIInterfaceOrientationPortrait UIInterfaceOrientationLandscapeLeft UIInterfaceOrientationLandscapeRight";
				LD_RUNPATH_SEARCH_PATHS = (
					"$(inherited)",
					"@executable_path/Frameworks",
				);
				MARKETING_VERSION = 1.0;
				PRODUCT_BUNDLE_IDENTIFIER = com.ozhayta.AnimatedOnBoardingScreen;
				PRODUCT_NAME = "$(TARGET_NAME)";
				SWIFT_EMIT_LOC_STRINGS = YES;
				SWIFT_VERSION = 5.0;
				TARGETED_DEVICE_FAMILY = "1,2";
			};
			name = Debug;
		};
		E1AB95F929BE3723009C88FA /* Release */ = {
			isa = XCBuildConfiguration;
			buildSettings = {
				ASSETCATALOG_COMPILER_APPICON_NAME = AppIcon;
				ASSETCATALOG_COMPILER_GLOBAL_ACCENT_COLOR_NAME = AccentColor;
				CODE_SIGN_STYLE = Automatic;
				CURRENT_PROJECT_VERSION = 1;
				DEVELOPMENT_ASSET_PATHS = "\"AnimatedOnBoardingScreen/Preview Content\"";
				DEVELOPMENT_TEAM = R38K25C8UB;
				ENABLE_PREVIEWS = YES;
				GENERATE_INFOPLIST_FILE = YES;
				INFOPLIST_KEY_UIApplicationSceneManifest_Generation = YES;
				INFOPLIST_KEY_UIApplicationSupportsIndirectInputEvents = YES;
				INFOPLIST_KEY_UILaunchScreen_Generation = YES;
				INFOPLIST_KEY_UISupportedInterfaceOrientations_iPad = "UIInterfaceOrientationPortrait UIInterfaceOrientationPortraitUpsideDown UIInterfaceOrientationLandscapeLeft UIInterfaceOrientationLandscapeRight";
				INFOPLIST_KEY_UISupportedInterfaceOrientations_iPhone = "UIInterfaceOrientationPortrait UIInterfaceOrientationLandscapeLeft UIInterfaceOrientationLandscapeRight";
				LD_RUNPATH_SEARCH_PATHS = (
					"$(inherited)",
					"@executable_path/Frameworks",
				);
				MARKETING_VERSION = 1.0;
				PRODUCT_BUNDLE_IDENTIFIER = com.ozhayta.AnimatedOnBoardingScreen;
				PRODUCT_NAME = "$(TARGET_NAME)";
				SWIFT_EMIT_LOC_STRINGS = YES;
				SWIFT_VERSION = 5.0;
				TARGETED_DEVICE_FAMILY = "1,2";
			};
			name = Release;
		};
/* End XCBuildConfiguration section */

/* Begin XCConfigurationList section */
		E1AB95E429BE3720009C88FA /* Build configuration list for PBXProject "AnimatedOnBoardingScreen" */ = {
			isa = XCConfigurationList;
			buildConfigurations = (
				E1AB95F529BE3723009C88FA /* Debug */,
				E1AB95F629BE3723009C88FA /* Release */,
			);
			defaultConfigurationIsVisible = 0;
			defaultConfigurationName = Release;
		};
		E1AB95F729BE3723009C88FA /* Build configuration list for PBXNativeTarget "AnimatedOnBoardingScreen" */ = {
			isa = XCConfigurationList;
			buildConfigurations = (
				E1AB95F829BE3723009C88FA /* Debug */,
				E1AB95F929BE3723009C88FA /* Release */,
			);
			defaultConfigurationIsVisible = 0;
			defaultConfigurationName = Release;
		};
/* End XCConfigurationList section */

/* Begin XCRemoteSwiftPackageReference section */
		E1BBD5D429BE499E00D969EB /* XCRemoteSwiftPackageReference "lottie-spm" */ = {
			isa = XCRemoteSwiftPackageReference;
			repositoryURL = "https://github.com/airbnb/lottie-spm.git";
			requirement = {
				kind = upToNextMajorVersion;
				minimumVersion = 4.0.0;
			};
		};
/* End XCRemoteSwiftPackageReference section */

/* Begin XCSwiftPackageProductDependency section */
		E1BBD5D529BE499E00D969EB /* Lottie */ = {
			isa = XCSwiftPackageProductDependency;
			package = E1BBD5D429BE499E00D969EB /* XCRemoteSwiftPackageReference "lottie-spm" */;
			productName = Lottie;
		};
/* End XCSwiftPackageProductDependency section */
	};
	rootObject = E1AB95E129BE3720009C88FA /* Project object */;
}
